Microsoft Visual Studio Solution File, Format Version 11.00
# Visual Studio 2017

Project("{8BC9CEB8-8B4A-11D0-8D11-00A0C91BC942}") = "SliderMonitor - Standalone Plugin", "SliderMonitor_StandalonePlugin.vcxproj", "{5537ACB6-07F2-4357-D34E-AF242C50CFC7}"
	ProjectSection(ProjectDependencies) = postProject
		{49187D8C-4B7F-22DA-4A03-0FA43C54C0CE} = {49187D8C-4B7F-22DA-4A03-0FA43C54C0CE}
	EndProjectSection
EndProject
Project("{8BC9CEB8-8B4A-11D0-8D11-00A0C91BC942}") = "SliderMonitor - VST", "SliderMonitor_VST.vcxproj", "{03C0F9C8-781C-DA03-1615-EAC70037BD7A}"
	ProjectSection(ProjectDependencies) = postProject
		{49187D8C-4B7F-22DA-4A03-0FA43C54C0CE} = {49187D8C-4B7F-22DA-4A03-0FA43C54C0CE}
	EndProjectSection
EndProject
Project("{8BC9CEB8-8B4A-11D0-8D11-00A0C91BC942}") = "SliderMonitor - VST3", "SliderMonitor_VST3.vcxproj", "{619E1409-1BCC-1AE7-B91D-38E8A1670B2B}"
	ProjectSection(ProjectDependencies) = postProject
		{49187D8C-4B7F-22DA-4A03-0FA43C54C0CE} = {49187D8C-4B7F-22DA-4A03-0FA43C54C0CE}
	EndProjectSection
EndProject
Project("{8BC9CEB8-8B4A-11D0-8D11-00A0C91BC942}") = "SliderMonitor - AAX", "SliderMonitor_AAX.vcxproj", "{EA0418BD-75D0-F088-86A2-0D1A50079ADD}"
	ProjectSection(ProjectDependencies) = postProject
		{49187D8C-4B7F-22DA-4A03-0FA43C54C0CE} = {49187D8C-4B7F-22DA-4A03-0FA43C54C0CE}
	EndProjectSection
EndProject
Project("{8BC9CEB8-8B4A-11D0-8D11-00A0C91BC942}") = "SliderMonitor - Shared Code", "SliderMonitor_SharedCode.vcxproj", "{49187D8C-4B7F-22DA-4A03-0FA43C54C0CE}"
EndProject
Global
	GlobalSection(SolutionConfigurationPlatforms) = preSolution
		Debug|x64 = Debug|x64
		Release|x64 = Release|x64
		Debug|Win32 = Debug|Win32
		Release|Win32 = Release|Win32
	EndGlobalSection
	GlobalSection(ProjectConfigurationPlatforms) = postSolution
		{03C0F9C8-781C-DA03-1615-EAC70037BD7A}.Debug|x64.Build.0 = Debug|x64
		{03C0F9C8-781C-DA03-1615-EAC70037BD7A}.Debug|x64.ActiveCfg = Debug|x64
		{03C0F9C8-781C-DA03-1615-EAC70037BD7A}.Release|x64.Build.0 = Release|x64
		{03C0F9C8-781C-DA03-1615-EAC70037BD7A}.Release|x64.ActiveCfg = Release|x64
		{03C0F9C8-781C-DA03-1615-EAC70037BD7A}.Debug|Win32.Build.0 = Debug|Win32
		{03C0F9C8-781C-DA03-1615-EAC70037BD7A}.Debug|Win32.ActiveCfg = Debug|Win32
		{03C0F9C8-781C-DA03-1615-EAC70037BD7A}.Release|Win32.Build.0 = Release|Win32
		{03C0F9C8-781C-DA03-1615-EAC70037BD7A}.Release|Win32.ActiveCfg = Release|Win32
		{619E1409-1BCC-1AE7-B91D-38E8A1670B2B}.Debug|x64.Build.0 = Debug|x64
		{619E1409-1BCC-1AE7-B91D-38E8A1670B2B}.Debug|x64.ActiveCfg = Debug|x64
		{619E1409-1BCC-1AE7-B91D-38E8A1670B2B}.Release|x64.Build.0 = Release|x64
		{619E1409-1BCC-1AE7-B91D-38E8A1670B2B}.Release|x64.ActiveCfg = Release|x64
		{619E1409-1BCC-1AE7-B91D-38E8A1670B2B}.Debug|Win32.Build.0 = Debug|Win32
		{619E1409-1BCC-1AE7-B91D-38E8A1670B2B}.Debug|Win32.ActiveCfg = Debug|Win32
		{619E1409-1BCC-1AE7-B91D-38E8A1670B2B}.Release|Win32.Build.0 = Release|Win32
		{619E1409-1BCC-1AE7-B91D-38E8A1670B2B}.Release|Win32.ActiveCfg = Release|Win32
		{EA0418BD-75D0-F088-86A2-0D1A50079ADD}.Debug|x64.Build.0 = Debug|x64
		{EA0418BD-75D0-F088-86A2-0D1A50079ADD}.Debug|x64.ActiveCfg = Debug|x64
		{EA0418BD-75D0-F088-86A2-0D1A50079ADD}.Release|x64.Build.0 = Release|x64
		{EA0418BD-75D0-F088-86A2-0D1A50079ADD}.Release|x64.ActiveCfg = Release|x64
		{EA0418BD-75D0-F088-86A2-0D1A50079ADD}.Debug|Win32.Build.0 = Debug|Win32
		{EA0418BD-75D0-F088-86A2-0D1A50079ADD}.Debug|Win32.ActiveCfg = Debug|Win32
		{EA0418BD-75D0-F088-86A2-0D1A50079ADD}.Release|Win32.Build.0 = Release|Win32
		{EA0418BD-75D0-F088-86A2-0D1A50079ADD}.Release|Win32.ActiveCfg = Release|Win32
		{5537ACB6-07F2-4357-D34E-AF242C50CFC7}.Debug|x64.Build.0 = Debug|x64
		{5537ACB6-07F2-4357-D34E-AF242C50CFC7}.Debug|x64.ActiveCfg = Debug|x64
		{5537ACB6-07F2-4357-D34E-AF242C50CFC7}.Release|x64.Build.0 = Release|x64
		{5537ACB6-07F2-4357-D34E-AF242C50CFC7}.Release|x64.ActiveCfg = Release|x64
		{5537ACB6-07F2-4357-D34E-AF242C50CFC7}.Debug|Win32.Build.0 = Debug|Win32
		{5537ACB6-07F2-4357-D34E-AF242C50CFC7}.Debug|Win32.ActiveCfg = Debug|Win32
		{5537ACB6-07F2-4357-D34E-AF242C50CFC7}.Release|Win32.Build.0 = Release|Win32
		{5537ACB6-07F2-4357-D34E-AF242C50CFC7}.Release|Win32.ActiveCfg = Release|Win32
		{49187D8C-4B7F-22DA-4A03-0FA43C54C0CE}.Debug|x64.Build.0 = Debug|x64
		{49187D8C-4B7F-22DA-4A03-0FA43C54C0CE}.Debug|x64.ActiveCfg = Debug|x64
		{49187D8C-4B7F-22DA-4A03-0FA43C54C0CE}.Release|x64.Build.0 = Release|x64
		{49187D8C-4B7F-22DA-4A03-0FA43C54C0CE}.Release|x64.ActiveCfg = Release|x64
		{49187D8C-4B7F-22DA-4A03-0FA43C54C0CE}.Debug|Win32.Build.0 = Debug|Win32
		{49187D8C-4B7F-22DA-4A03-0FA43C54C0CE}.Debug|Win32.ActiveCfg = Debug|Win32
		{49187D8C-4B7F-22DA-4A03-0FA43C54C0CE}.Release|Win32.Build.0 = Release|Win32
		{49187D8C-4B7F-22DA-4A03-0FA43C54C0CE}.Release|Win32.ActiveCfg = Release|Win32
	EndGlobalSection
	GlobalSection(SolutionProperties) = preSolution
		HideSolutionNode = FALSE
	EndGlobalSection
EndGlobal
