Microsoft Visual Studio Solution File, Format Version 11.00
# Visual Studio 2017

Project("{8BC9CEB8-8B4A-11D0-8D11-00A0C91BC942}") = "PresetVsUsersettings - Standalone Plugin", "PresetVsUsersettings_StandalonePlugin.vcxproj", "{9AD4624E-8056-0282-A5AB-12D6EF59739D}"
	ProjectSection(ProjectDependencies) = postProject
		{16A10F13-0E0F-F585-50E9-A36449A261A1} = {16A10F13-0E0F-F585-50E9-A36449A261A1}
	EndProjectSection
EndProject
Project("{8BC9CEB8-8B4A-11D0-8D11-00A0C91BC942}") = "PresetVsUsersettings - VST", "PresetVsUsersettings_VST.vcxproj", "{24DD959B-E08E-863C-856D-DE0925A7E85C}"
	ProjectSection(ProjectDependencies) = postProject
		{16A10F13-0E0F-F585-50E9-A36449A261A1} = {16A10F13-0E0F-F585-50E9-A36449A261A1}
	EndProjectSection
EndProject
Project("{8BC9CEB8-8B4A-11D0-8D11-00A0C91BC942}") = "PresetVsUsersettings - Shared Code", "PresetVsUsersettings_SharedCode.vcxproj", "{16A10F13-0E0F-F585-50E9-A36449A261A1}"
EndProject
Global
	GlobalSection(SolutionConfigurationPlatforms) = preSolution
		Debug|x64 = Debug|x64
		Release|x64 = Release|x64
	EndGlobalSection
	GlobalSection(ProjectConfigurationPlatforms) = postSolution
		{24DD959B-E08E-863C-856D-DE0925A7E85C}.Debug|x64.Build.0 = Debug|x64
		{24DD959B-E08E-863C-856D-DE0925A7E85C}.Debug|x64.ActiveCfg = Debug|x64
		{24DD959B-E08E-863C-856D-DE0925A7E85C}.Release|x64.Build.0 = Release|x64
		{24DD959B-E08E-863C-856D-DE0925A7E85C}.Release|x64.ActiveCfg = Release|x64
		{9AD4624E-8056-0282-A5AB-12D6EF59739D}.Debug|x64.Build.0 = Debug|x64
		{9AD4624E-8056-0282-A5AB-12D6EF59739D}.Debug|x64.ActiveCfg = Debug|x64
		{9AD4624E-8056-0282-A5AB-12D6EF59739D}.Release|x64.Build.0 = Release|x64
		{9AD4624E-8056-0282-A5AB-12D6EF59739D}.Release|x64.ActiveCfg = Release|x64
		{16A10F13-0E0F-F585-50E9-A36449A261A1}.Debug|x64.Build.0 = Debug|x64
		{16A10F13-0E0F-F585-50E9-A36449A261A1}.Debug|x64.ActiveCfg = Debug|x64
		{16A10F13-0E0F-F585-50E9-A36449A261A1}.Release|x64.Build.0 = Release|x64
		{16A10F13-0E0F-F585-50E9-A36449A261A1}.Release|x64.ActiveCfg = Release|x64
	EndGlobalSection
	GlobalSection(SolutionProperties) = preSolution
		HideSolutionNode = FALSE
	EndGlobalSection
EndGlobal
