Microsoft Visual Studio Solution File, Format Version 11.00
# Visual Studio 2017

Project("{8BC9CEB8-8B4A-11D0-8D11-00A0C91BC942}") = "AttachmentsDemo - Standalone Plugin", "AttachmentsDemo_StandalonePlugin.vcxproj", "{27EF5FB5-7DFD-4C16-6C91-065BD566A6A5}"
	ProjectSection(ProjectDependencies) = postProject
		{EBDF2056-511E-ED30-F986-ADC2C28EE56F} = {EBDF2056-511E-ED30-F986-ADC2C28EE56F}
	EndProjectSection
EndProject
Project("{8BC9CEB8-8B4A-11D0-8D11-00A0C91BC942}") = "AttachmentsDemo - VST", "AttachmentsDemo_VST.vcxproj", "{FF51BAA1-8E53-91D3-863B-FC38E5A1871D}"
	ProjectSection(ProjectDependencies) = postProject
		{EBDF2056-511E-ED30-F986-ADC2C28EE56F} = {EBDF2056-511E-ED30-F986-ADC2C28EE56F}
	EndProjectSection
EndProject
Project("{8BC9CEB8-8B4A-11D0-8D11-00A0C91BC942}") = "AttachmentsDemo - VST3", "AttachmentsDemo_VST3.vcxproj", "{0DA5E779-2EA7-6288-BD71-D4CBA97A9240}"
	ProjectSection(ProjectDependencies) = postProject
		{EBDF2056-511E-ED30-F986-ADC2C28EE56F} = {EBDF2056-511E-ED30-F986-ADC2C28EE56F}
	EndProjectSection
EndProject
Project("{8BC9CEB8-8B4A-11D0-8D11-00A0C91BC942}") = "AttachmentsDemo - Shared Code", "AttachmentsDemo_SharedCode.vcxproj", "{EBDF2056-511E-ED30-F986-ADC2C28EE56F}"
EndProject
Global
	GlobalSection(SolutionConfigurationPlatforms) = preSolution
		Debug|x64 = Debug|x64
		Release|x64 = Release|x64
		Debug|Win32 = Debug|Win32
		Release|Win32 = Release|Win32
	EndGlobalSection
	GlobalSection(ProjectConfigurationPlatforms) = postSolution
		{FF51BAA1-8E53-91D3-863B-FC38E5A1871D}.Debug|x64.Build.0 = Debug|x64
		{FF51BAA1-8E53-91D3-863B-FC38E5A1871D}.Debug|x64.ActiveCfg = Debug|x64
		{FF51BAA1-8E53-91D3-863B-FC38E5A1871D}.Release|x64.Build.0 = Release|x64
		{FF51BAA1-8E53-91D3-863B-FC38E5A1871D}.Release|x64.ActiveCfg = Release|x64
		{FF51BAA1-8E53-91D3-863B-FC38E5A1871D}.Debug|Win32.Build.0 = Debug|Win32
		{FF51BAA1-8E53-91D3-863B-FC38E5A1871D}.Debug|Win32.ActiveCfg = Debug|Win32
		{FF51BAA1-8E53-91D3-863B-FC38E5A1871D}.Release|Win32.Build.0 = Release|Win32
		{FF51BAA1-8E53-91D3-863B-FC38E5A1871D}.Release|Win32.ActiveCfg = Release|Win32
		{0DA5E779-2EA7-6288-BD71-D4CBA97A9240}.Debug|x64.Build.0 = Debug|x64
		{0DA5E779-2EA7-6288-BD71-D4CBA97A9240}.Debug|x64.ActiveCfg = Debug|x64
		{0DA5E779-2EA7-6288-BD71-D4CBA97A9240}.Release|x64.Build.0 = Release|x64
		{0DA5E779-2EA7-6288-BD71-D4CBA97A9240}.Release|x64.ActiveCfg = Release|x64
		{0DA5E779-2EA7-6288-BD71-D4CBA97A9240}.Debug|Win32.Build.0 = Debug|Win32
		{0DA5E779-2EA7-6288-BD71-D4CBA97A9240}.Debug|Win32.ActiveCfg = Debug|Win32
		{0DA5E779-2EA7-6288-BD71-D4CBA97A9240}.Release|Win32.Build.0 = Release|Win32
		{0DA5E779-2EA7-6288-BD71-D4CBA97A9240}.Release|Win32.ActiveCfg = Release|Win32
		{27EF5FB5-7DFD-4C16-6C91-065BD566A6A5}.Debug|x64.Build.0 = Debug|x64
		{27EF5FB5-7DFD-4C16-6C91-065BD566A6A5}.Debug|x64.ActiveCfg = Debug|x64
		{27EF5FB5-7DFD-4C16-6C91-065BD566A6A5}.Release|x64.Build.0 = Release|x64
		{27EF5FB5-7DFD-4C16-6C91-065BD566A6A5}.Release|x64.ActiveCfg = Release|x64
		{27EF5FB5-7DFD-4C16-6C91-065BD566A6A5}.Debug|Win32.Build.0 = Debug|Win32
		{27EF5FB5-7DFD-4C16-6C91-065BD566A6A5}.Debug|Win32.ActiveCfg = Debug|Win32
		{27EF5FB5-7DFD-4C16-6C91-065BD566A6A5}.Release|Win32.Build.0 = Release|Win32
		{27EF5FB5-7DFD-4C16-6C91-065BD566A6A5}.Release|Win32.ActiveCfg = Release|Win32
		{EBDF2056-511E-ED30-F986-ADC2C28EE56F}.Debug|x64.Build.0 = Debug|x64
		{EBDF2056-511E-ED30-F986-ADC2C28EE56F}.Debug|x64.ActiveCfg = Debug|x64
		{EBDF2056-511E-ED30-F986-ADC2C28EE56F}.Release|x64.Build.0 = Release|x64
		{EBDF2056-511E-ED30-F986-ADC2C28EE56F}.Release|x64.ActiveCfg = Release|x64
		{EBDF2056-511E-ED30-F986-ADC2C28EE56F}.Debug|Win32.Build.0 = Debug|Win32
		{EBDF2056-511E-ED30-F986-ADC2C28EE56F}.Debug|Win32.ActiveCfg = Debug|Win32
		{EBDF2056-511E-ED30-F986-ADC2C28EE56F}.Release|Win32.Build.0 = Release|Win32
		{EBDF2056-511E-ED30-F986-ADC2C28EE56F}.Release|Win32.ActiveCfg = Release|Win32
	EndGlobalSection
	GlobalSection(SolutionProperties) = preSolution
		HideSolutionNode = FALSE
	EndGlobalSection
EndGlobal
